
Microsoft Visual Studio Solution File, Format Version 12.00
# Visual Studio Version 17
VisualStudioVersion = 17.5.2.0
MinimumVisualStudioVersion = 10.0.40219.1
Project("{FAE04EC0-301F-11D3-BF4B-00C04F79EFBC}") = "Cugger", "Cugger.csproj", "{1F61CEEA-CBC9-920F-E4BF-C5C22E1DD342}"
EndProject
Project("{FAE04EC0-301F-11D3-BF4B-00C04F79EFBC}") = "Cugger.Tests", "Cugger.Tests\Cugger.Tests.csproj", "{667D0644-E2A2-4C33-B0AE-563DAC96C57E}"
EndProject
Global
	GlobalSection(SolutionConfigurationPlatforms) = preSolution
		Debug|Any CPU = Debug|Any CPU
		Debug|x64 = Debug|x64
		Debug|x86 = Debug|x86
		Release|Any CPU = Release|Any CPU
		Release|x64 = Release|x64
		Release|x86 = Release|x86
	EndGlobalSection
	GlobalSection(ProjectConfigurationPlatforms) = postSolution
		{1F61CEEA-CBC9-920F-E4BF-C5C22E1DD342}.Debug|Any CPU.ActiveCfg = Debug|Any CPU
		{1F61CEEA-CBC9-920F-E4BF-C5C22E1DD342}.Debug|Any CPU.Build.0 = Debug|Any CPU
		{1F61CEEA-CBC9-920F-E4BF-C5C22E1DD342}.Debug|x64.ActiveCfg = Debug|Any CPU
		{1F61CEEA-CBC9-920F-E4BF-C5C22E1DD342}.Debug|x64.Build.0 = Debug|Any CPU
		{1F61CEEA-CBC9-920F-E4BF-C5C22E1DD342}.Debug|x86.ActiveCfg = Debug|Any CPU
		{1F61CEEA-CBC9-920F-E4BF-C5C22E1DD342}.Debug|x86.Build.0 = Debug|Any CPU
		{1F61CEEA-CBC9-920F-E4BF-C5C22E1DD342}.Release|Any CPU.ActiveCfg = Release|Any CPU
		{1F61CEEA-CBC9-920F-E4BF-C5C22E1DD342}.Release|Any CPU.Build.0 = Release|Any CPU
		{1F61CEEA-CBC9-920F-E4BF-C5C22E1DD342}.Release|x64.ActiveCfg = Release|Any CPU
		{1F61CEEA-CBC9-920F-E4BF-C5C22E1DD342}.Release|x64.Build.0 = Release|Any CPU
		{1F61CEEA-CBC9-920F-E4BF-C5C22E1DD342}.Release|x86.ActiveCfg = Release|Any CPU
		{1F61CEEA-CBC9-920F-E4BF-C5C22E1DD342}.Release|x86.Build.0 = Release|Any CPU
		{667D0644-E2A2-4C33-B0AE-563DAC96C57E}.Debug|Any CPU.ActiveCfg = Debug|Any CPU
		{667D0644-E2A2-4C33-B0AE-563DAC96C57E}.Debug|Any CPU.Build.0 = Debug|Any CPU
		{667D0644-E2A2-4C33-B0AE-563DAC96C57E}.Debug|x64.ActiveCfg = Debug|Any CPU
		{667D0644-E2A2-4C33-B0AE-563DAC96C57E}.Debug|x64.Build.0 = Debug|Any CPU
		{667D0644-E2A2-4C33-B0AE-563DAC96C57E}.Debug|x86.ActiveCfg = Debug|Any CPU
		{667D0644-E2A2-4C33-B0AE-563DAC96C57E}.Debug|x86.Build.0 = Debug|Any CPU
		{667D0644-E2A2-4C33-B0AE-563DAC96C57E}.Release|Any CPU.ActiveCfg = Release|Any CPU
		{667D0644-E2A2-4C33-B0AE-563DAC96C57E}.Release|Any CPU.Build.0 = Release|Any CPU
		{667D0644-E2A2-4C33-B0AE-563DAC96C57E}.Release|x64.ActiveCfg = Release|Any CPU
		{667D0644-E2A2-4C33-B0AE-563DAC96C57E}.Release|x64.Build.0 = Release|Any CPU
		{667D0644-E2A2-4C33-B0AE-563DAC96C57E}.Release|x86.ActiveCfg = Release|Any CPU
		{667D0644-E2A2-4C33-B0AE-563DAC96C57E}.Release|x86.Build.0 = Release|Any CPU
	EndGlobalSection
	GlobalSection(SolutionProperties) = preSolution
		HideSolutionNode = FALSE
	EndGlobalSection
	GlobalSection(ExtensibilityGlobals) = postSolution
		SolutionGuid = {562052C6-B48A-45B2-9ECC-05E4696DAB62}
	EndGlobalSection
EndGlobal
